PODS:
  - Alamofire (5.9.1)
  - Kingfisher (7.11.0)

DEPENDENCIES:
  - Alamofire
  - Kingfisher

SPEC REPOS:
  trunk:
    - Alamofire
    - Kingfisher

SPEC CHECKSUMS:
  Alamofire: f36a35757af4587d8e4f4bfa223ad10be2422b8c
  Kingfisher: b9c985d864d43515f404f1ef4a8ce7d802ace3ac

PODFILE CHECKSUM: d69bdef652dae2b00b6944d3c93aeab5546d17ba

COCOAPODS: 1.15.2
